
Microsoft Visual Studio Solution File, Format Version 12.00
# Visual Studio Version 17
VisualStudioVersion = 17.14.36429.23 d17.14
MinimumVisualStudioVersion = 10.0.40219.1
Project("{FAE04EC0-301F-11D3-BF4B-00C04F79EFBC}") = "Assignment 11.1", "Assignment 11.1.csproj", "{824511BA-44CD-4573-8045-04769FAF09BE}"
EndProject
Global
	GlobalSection(SolutionConfigurationPlatforms) = preSolution
		Debug|Any CPU = Debug|Any CPU
		Release|Any CPU = Release|Any CPU
	EndGlobalSection
	GlobalSection(ProjectConfigurationPlatforms) = postSolution
		{824511BA-44CD-4573-8045-04769FAF09BE}.Debug|Any CPU.ActiveCfg = Debug|Any CPU
		{824511BA-44CD-4573-8045-04769FAF09BE}.Debug|Any CPU.Build.0 = Debug|Any CPU
		{824511BA-44CD-4573-8045-04769FAF09BE}.Release|Any CPU.ActiveCfg = Release|Any CPU
		{824511BA-44CD-4573-8045-04769FAF09BE}.Release|Any CPU.Build.0 = Release|Any CPU
	EndGlobalSection
	GlobalSection(SolutionProperties) = preSolution
		HideSolutionNode = FALSE
	EndGlobalSection
	GlobalSection(ExtensibilityGlobals) = postSolution
		SolutionGuid = {B54FAB29-420C-47FF-ADBC-E13B964CDB59}
	EndGlobalSection
EndGlobal
